
Microsoft Visual Studio Solution File, Format Version 12.00
Project("{FAE04EC0-301F-11D3-BF4B-00C04F79EFBC}") = "authentication", "authentication\authentication.csproj", "{6727D88D-0E8D-4C90-9F80-3750DFD190F3}"
EndProject
Global
	GlobalSection(SolutionConfigurationPlatforms) = preSolution
		Debug|Any CPU = Debug|Any CPU
		Release|Any CPU = Release|Any CPU
	EndGlobalSection
	GlobalSection(ProjectConfigurationPlatforms) = postSolution
		{6727D88D-0E8D-4C90-9F80-3750DFD190F3}.Debug|Any CPU.ActiveCfg = Debug|Any CPU
		{6727D88D-0E8D-4C90-9F80-3750DFD190F3}.Debug|Any CPU.Build.0 = Debug|Any CPU
		{6727D88D-0E8D-4C90-9F80-3750DFD190F3}.Release|Any CPU.ActiveCfg = Release|Any CPU
		{6727D88D-0E8D-4C90-9F80-3750DFD190F3}.Release|Any CPU.Build.0 = Release|Any CPU
	EndGlobalSection
EndGlobal
